
Microsoft Visual Studio Solution File, Format Version 12.00
# Visual Studio Version 16
VisualStudioVersion = 16.0.30225.117
MinimumVisualStudioVersion = 10.0.40219.1
Project("{FAE04EC0-301F-11D3-BF4B-00C04F79EFBC}") = "Projekt_API", "Projekt_API.csproj", "{10957699-1831-488A-86FC-FE38232B3CFC}"
EndProject
Global
	GlobalSection(SolutionConfigurationPlatforms) = preSolution
		Debug|Any CPU = Debug|Any CPU
		Release|Any CPU = Release|Any CPU
	EndGlobalSection
	GlobalSection(ProjectConfigurationPlatforms) = postSolution
		{10957699-1831-488A-86FC-FE38232B3CFC}.Debug|Any CPU.ActiveCfg = Debug|Any CPU
		{10957699-1831-488A-86FC-FE38232B3CFC}.Debug|Any CPU.Build.0 = Debug|Any CPU
		{10957699-1831-488A-86FC-FE38232B3CFC}.Release|Any CPU.ActiveCfg = Release|Any CPU
		{10957699-1831-488A-86FC-FE38232B3CFC}.Release|Any CPU.Build.0 = Release|Any CPU
	EndGlobalSection
	GlobalSection(SolutionProperties) = preSolution
		HideSolutionNode = FALSE
	EndGlobalSection
	GlobalSection(ExtensibilityGlobals) = postSolution
		SolutionGuid = {26A6E806-35AA-4248-ABF4-BA3BE068E00B}
	EndGlobalSection
EndGlobal
